// !$*UTF8*$!
{
	archiveVersion = 1;
	classes = {
	};
	objectVersion = 56;
	objects = {

/* Begin PBXBuildFile section */
		3B0CDF1729546E2D00492E44 /* Quintessential-Regular.ttf in Resources */ = {isa = PBXBuildFile; fileRef = 3B0CDF1629546E2D00492E44 /* Quintessential-Regular.ttf */; };
		3B0CDF1B2954716F00492E44 /* Bungee-Regular.ttf in Resources */ = {isa = PBXBuildFile; fileRef = 3B0CDF1A2954716F00492E44 /* Bungee-Regular.ttf */; };
		3B6311732952FF00000D5A35 /* AppDelegate.swift in Sources */ = {isa = PBXBuildFile; fileRef = 3B6311722952FF00000D5A35 /* AppDelegate.swift */; };
		3B6311752952FF00000D5A35 /* SceneDelegate.swift in Sources */ = {isa = PBXBuildFile; fileRef = 3B6311742952FF00000D5A35 /* SceneDelegate.swift */; };
		3B6311772952FF00000D5A35 /* ViewController.swift in Sources */ = {isa = PBXBuildFile; fileRef = 3B6311762952FF00000D5A35 /* ViewController.swift */; };
		3B63117A2952FF00000D5A35 /* Main.storyboard in Resources */ = {isa = PBXBuildFile; fileRef = 3B6311782952FF00000D5A35 /* Main.storyboard */; };
		3B63117D2952FF00000D5A35 /* DoctorHealth.xcdatamodeld in Sources */ = {isa = PBXBuildFile; fileRef = 3B63117B2952FF00000D5A35 /* DoctorHealth.xcdatamodeld */; };
		3B63117F2952FF00000D5A35 /* Assets.xcassets in Resources */ = {isa = PBXBuildFile; fileRef = 3B63117E2952FF00000D5A35 /* Assets.xcassets */; };
		3B6311822952FF00000D5A35 /* LaunchScreen.storyboard in Resources */ = {isa = PBXBuildFile; fileRef = 3B6311802952FF00000D5A35 /* LaunchScreen.storyboard */; };
/* End PBXBuildFile section */

/* Begin PBXFileReference section */
		3B0CDF1629546E2D00492E44 /* Quintessential-Regular.ttf */ = {isa = PBXFileReference; lastKnownFileType = file; path = "Quintessential-Regular.ttf"; sourceTree = "<group>"; };
		3B0CDF1A2954716F00492E44 /* Bungee-Regular.ttf */ = {isa = PBXFileReference; lastKnownFileType = file; name = "Bungee-Regular.ttf"; path = "../../../../../Downloads/Bungee/Bungee-Regular.ttf"; sourceTree = "<group>"; };
		3B63116F2952FF00000D5A35 /* DoctorHealth.app */ = {isa = PBXFileReference; explicitFileType = wrapper.application; includeInIndex = 0; path = DoctorHealth.app; sourceTree = BUILT_PRODUCTS_DIR; };
		3B6311722952FF00000D5A35 /* AppDelegate.swift */ = {isa = PBXFileReference; lastKnownFileType = sourcecode.swift; path = AppDelegate.swift; sourceTree = "<group>"; };
		3B6311742952FF00000D5A35 /* SceneDelegate.swift */ = {isa = PBXFileReference; lastKnownFileType = sourcecode.swift; path = SceneDelegate.swift; sourceTree = "<group>"; };
		3B6311762952FF00000D5A35 /* ViewController.swift */ = {isa = PBXFileReference; lastKnownFileType = sourcecode.swift; path = ViewController.swift; sourceTree = "<group>"; };
		3B6311792952FF00000D5A35 /* Base */ = {isa = PBXFileReference; lastKnownFileType = file.storyboard; name = Base; path = Base.lproj/Main.storyboard; sourceTree = "<group>"; };
		3B63117C2952FF00000D5A35 /* DoctorHealth.xcdatamodel */ = {isa = PBXFileReference; lastKnownFileType = wrapper.xcdatamodel; path = DoctorHealth.xcdatamodel; sourceTree = "<group>"; };
		3B63117E2952FF00000D5A35 /* Assets.xcassets */ = {isa = PBXFileReference; lastKnownFileType = folder.assetcatalog; path = Assets.xcassets; sourceTree = "<group>"; };
		3B6311812952FF00000D5A35 /* Base */ = {isa = PBXFileReference; lastKnownFileType = file.storyboard; name = Base; path = Base.lproj/LaunchScreen.storyboard; sourceTree = "<group>"; };
		3B6311832952FF00000D5A35 /* Info.plist */ = {isa = PBXFileReference; lastKnownFileType = text.plist.xml; path = Info.plist; sourceTree = "<group>"; };
/* End PBXFileReference section */

/* Begin PBXFrameworksBuildPhase section */
		3B63116C2952FF00000D5A35 /* Frameworks */ = {
			isa = PBXFrameworksBuildPhase;
			buildActionMask = 2147483647;
			files = (
			);
			runOnlyForDeploymentPostprocessing = 0;
		};
/* End PBXFrameworksBuildPhase section */

/* Begin PBXGroup section */
		3B0CDF1529546DC700492E44 /* Fonts */ = {
			isa = PBXGroup;
			children = (
				3B0CDF1629546E2D00492E44 /* Quintessential-Regular.ttf */,
				3B0CDF1A2954716F00492E44 /* Bungee-Regular.ttf */,
			);
			path = Fonts;
			sourceTree = "<group>";
		};
		3B6311662952FF00000D5A35 = {
			isa = PBXGroup;
			children = (
				3B6311712952FF00000D5A35 /* DoctorHealth */,
				3B6311702952FF00000D5A35 /* Products */,
			);
			sourceTree = "<group>";
		};
		3B6311702952FF00000D5A35 /* Products */ = {
			isa = PBXGroup;
			children = (
				3B63116F2952FF00000D5A35 /* DoctorHealth.app */,
			);
			name = Products;
			sourceTree = "<group>";
		};
		3B6311712952FF00000D5A35 /* DoctorHealth */ = {
			isa = PBXGroup;
			children = (
				3B0CDF1529546DC700492E44 /* Fonts */,
				3BA5AEF0295399A900125AAF /* Views */,
				3B6311722952FF00000D5A35 /* AppDelegate.swift */,
				3B6311742952FF00000D5A35 /* SceneDelegate.swift */,
				3B6311782952FF00000D5A35 /* Main.storyboard */,
				3B63117E2952FF00000D5A35 /* Assets.xcassets */,
				3B6311802952FF00000D5A35 /* LaunchScreen.storyboard */,
				3B6311832952FF00000D5A35 /* Info.plist */,
				3B63117B2952FF00000D5A35 /* DoctorHealth.xcdatamodeld */,
			);
			path = DoctorHealth;
			sourceTree = "<group>";
		};
		3BA5AEF0295399A900125AAF /* Views */ = {
			isa = PBXGroup;
			children = (
				3B6311762952FF00000D5A35 /* ViewController.swift */,
			);
			path = Views;
			sourceTree = "<group>";
		};
/* End PBXGroup section */

/* Begin PBXNativeTarget section */
		3B63116E2952FF00000D5A35 /* DoctorHealth */ = {
			isa = PBXNativeTarget;
			buildConfigurationList = 3B6311862952FF00000D5A35 /* Build configuration list for PBXNativeTarget "DoctorHealth" */;
			buildPhases = (
				3B63116B2952FF00000D5A35 /* Sources */,
				3B63116C2952FF00000D5A35 /* Frameworks */,
				3B63116D2952FF00000D5A35 /* Resources */,
			);
			buildRules = (
			);
			dependencies = (
			);
			name = DoctorHealth;
			productName = DoctorHealth;
			productReference = 3B63116F2952FF00000D5A35 /* DoctorHealth.app */;
			productType = "com.apple.product-type.application";
		};
/* End PBXNativeTarget section */

/* Begin PBXProject section */
		3B6311672952FF00000D5A35 /* Project object */ = {
			isa = PBXProject;
			attributes = {
				BuildIndependentTargetsInParallel = 1;
				LastSwiftUpdateCheck = 1420;
				LastUpgradeCheck = 1420;
				TargetAttributes = {
					3B63116E2952FF00000D5A35 = {
						CreatedOnToolsVersion = 14.2;
					};
				};
			};
			buildConfigurationList = 3B63116A2952FF00000D5A35 /* Build configuration list for PBXProject "DoctorHealth" */;
			compatibilityVersion = "Xcode 14.0";
			developmentRegion = en;
			hasScannedForEncodings = 0;
			knownRegions = (
				en,
				Base,
			);
			mainGroup = 3B6311662952FF00000D5A35;
			productRefGroup = 3B6311702952FF00000D5A35 /* Products */;
			projectDirPath = "";
			projectRoot = "";
			targets = (
				3B63116E2952FF00000D5A35 /* DoctorHealth */,
			);
		};
/* End PBXProject section */

/* Begin PBXResourcesBuildPhase section */
		3B63116D2952FF00000D5A35 /* Resources */ = {
			isa = PBXResourcesBuildPhase;
			buildActionMask = 2147483647;
			files = (
				3B6311822952FF00000D5A35 /* LaunchScreen.storyboard in Resources */,
				3B63117F2952FF00000D5A35 /* Assets.xcassets in Resources */,
				3B0CDF1729546E2D00492E44 /* Quintessential-Regular.ttf in Resources */,
				3B0CDF1B2954716F00492E44 /* Bungee-Regular.ttf in Resources */,
				3B63117A2952FF00000D5A35 /* Main.storyboard in Resources */,
			);
			runOnlyForDeploymentPostprocessing = 0;
		};
/* End PBXResourcesBuildPhase section */

/* Begin PBXSourcesBuildPhase section */
		3B63116B2952FF00000D5A35 /* Sources */ = {
			isa = PBXSourcesBuildPhase;
			buildActionMask = 2147483647;
			files = (
				3B6311772952FF00000D5A35 /* ViewController.swift in Sources */,
				3B6311732952FF00000D5A35 /* AppDelegate.swift in Sources */,
				3B63117D2952FF00000D5A35 /* DoctorHealth.xcdatamodeld in Sources */,
				3B6311752952FF00000D5A35 /* SceneDelegate.swift in Sources */,
			);
			runOnlyForDeploymentPostprocessing = 0;
		};
/* End PBXSourcesBuildPhase section */

/* Begin PBXVariantGroup section */
		3B6311782952FF00000D5A35 /* Main.storyboard */ = {
			isa = PBXVariantGroup;
			children = (
				3B6311792952FF00000D5A35 /* Base */,
			);
			name = Main.storyboard;
			sourceTree = "<group>";
		};
		3B6311802952FF00000D5A35 /* LaunchScreen.storyboard */ = {
			isa = PBXVariantGroup;
			children = (
				3B6311812952FF00000D5A35 /* Base */,
			);
			name = LaunchScreen.storyboard;
			sourceTree = "<group>";
		};
/* End PBXVariantGroup section */

/* Begin XCBuildConfiguration section */
		3B6311842952FF00000D5A35 /* Debug */ = {
			isa = XCBuildConfiguration;
			buildSettings = {
				ALWAYS_SEARCH_USER_PATHS = NO;
				CLANG_ANALYZER_NONNULL = YES;
				CLANG_ANALYZER_NUMBER_OBJECT_CONVERSION = YES_AGGRESSIVE;
				CLANG_CXX_LANGUAGE_STANDARD = "gnu++20";
				CLANG_ENABLE_MODULES = YES;
				CLANG_ENABLE_OBJC_ARC = YES;
				CLANG_ENABLE_OBJC_WEAK = YES;
				CLANG_WARN_BLOCK_CAPTURE_AUTORELEASING = YES;
				CLANG_WARN_BOOL_CONVERSION = YES;
				CLANG_WARN_COMMA = YES;
				CLANG_WARN_CONSTANT_CONVERSION = YES;
				CLANG_WARN_DEPRECATED_OBJC_IMPLEMENTATIONS = YES;
				CLANG_WARN_DIRECT_OBJC_ISA_USAGE = YES_ERROR;
				CLANG_WARN_DOCUMENTATION_COMMENTS = YES;
				CLANG_WARN_EMPTY_BODY = YES;
				CLANG_WARN_ENUM_CONVERSION = YES;
				CLANG_WARN_INFINITE_RECURSION = YES;
				CLANG_WARN_INT_CONVERSION = YES;
				CLANG_WARN_NON_LITERAL_NULL_CONVERSION = YES;
				CLANG_WARN_OBJC_IMPLICIT_RETAIN_SELF = YES;
				CLANG_WARN_OBJC_LITERAL_CONVERSION = YES;
				CLANG_WARN_OBJC_ROOT_CLASS = YES_ERROR;
				CLANG_WARN_QUOTED_INCLUDE_IN_FRAMEWORK_HEADER = YES;
				CLANG_WARN_RANGE_LOOP_ANALYSIS = YES;
				CLANG_WARN_STRICT_PROTOTYPES = YES;
				CLANG_WARN_SUSPICIOUS_MOVE = YES;
				CLANG_WARN_UNGUARDED_AVAILABILITY = YES_AGGRESSIVE;
				CLANG_WARN_UNREACHABLE_CODE = YES;
				CLANG_WARN__DUPLICATE_METHOD_MATCH = YES;
				COPY_PHASE_STRIP = NO;
				DEBUG_INFORMATION_FORMAT = dwarf;
				ENABLE_STRICT_OBJC_MSGSEND = YES;
				ENABLE_TESTABILITY = YES;
				GCC_C_LANGUAGE_STANDARD = gnu11;
				GCC_DYNAMIC_NO_PIC = NO;
				GCC_NO_COMMON_BLOCKS = YES;
				GCC_OPTIMIZATION_LEVEL = 0;
				GCC_PREPROCESSOR_DEFINITIONS = (
					"DEBUG=1",
					"$(inherited)",
				);
				GCC_WARN_64_TO_32_BIT_CONVERSION = YES;
				GCC_WARN_ABOUT_RETURN_TYPE = YES_ERROR;
				GCC_WARN_UNDECLARED_SELECTOR = YES;
				GCC_WARN_UNINITIALIZED_AUTOS = YES_AGGRESSIVE;
				GCC_WARN_UNUSED_FUNCTION = YES;
				GCC_WARN_UNUSED_VARIABLE = YES;
				IPHONEOS_DEPLOYMENT_TARGET = 16.2;
				MTL_ENABLE_DEBUG_INFO = INCLUDE_SOURCE;
				MTL_FAST_MATH = YES;
				ONLY_ACTIVE_ARCH = YES;
				SDKROOT = iphoneos;
				SWIFT_ACTIVE_COMPILATION_CONDITIONS = DEBUG;
				SWIFT_OPTIMIZATION_LEVEL = "-Onone";
			};
			name = Debug;
		};
		3B6311852952FF00000D5A35 /* Release */ = {
			isa = XCBuildConfiguration;
			buildSettings = {
				ALWAYS_SEARCH_USER_PATHS = NO;
				CLANG_ANALYZER_NONNULL = YES;
				CLANG_ANALYZER_NUMBER_OBJECT_CONVERSION = YES_AGGRESSIVE;
				CLANG_CXX_LANGUAGE_STANDARD = "gnu++20";
				CLANG_ENABLE_MODULES = YES;
				CLANG_ENABLE_OBJC_ARC = YES;
				CLANG_ENABLE_OBJC_WEAK = YES;
				CLANG_WARN_BLOCK_CAPTURE_AUTORELEASING = YES;
				CLANG_WARN_BOOL_CONVERSION = YES;
				CLANG_WARN_COMMA = YES;
				CLANG_WARN_CONSTANT_CONVERSION = YES;
				CLANG_WARN_DEPRECATED_OBJC_IMPLEMENTATIONS = YES;
				CLANG_WARN_DIRECT_OBJC_ISA_USAGE = YES_ERROR;
				CLANG_WARN_DOCUMENTATION_COMMENTS = YES;
				CLANG_WARN_EMPTY_BODY = YES;
				CLANG_WARN_ENUM_CONVERSION = YES;
				CLANG_WARN_INFINITE_RECURSION = YES;
				CLANG_WARN_INT_CONVERSION = YES;
				CLANG_WARN_NON_LITERAL_NULL_CONVERSION = YES;
				CLANG_WARN_OBJC_IMPLICIT_RETAIN_SELF = YES;
				CLANG_WARN_OBJC_LITERAL_CONVERSION = YES;
				CLANG_WARN_OBJC_ROOT_CLASS = YES_ERROR;
				CLANG_WARN_QUOTED_INCLUDE_IN_FRAMEWORK_HEADER = YES;
				CLANG_WARN_RANGE_LOOP_ANALYSIS = YES;
				CLANG_WARN_STRICT_PROTOTYPES = YES;
				CLANG_WARN_SUSPICIOUS_MOVE = YES;
				CLANG_WARN_UNGUARDED_AVAILABILITY = YES_AGGRESSIVE;
				CLANG_WARN_UNREACHABLE_CODE = YES;
				CLANG_WARN__DUPLICATE_METHOD_MATCH = YES;
				COPY_PHASE_STRIP = NO;
				DEBUG_INFORMATION_FORMAT = "dwarf-with-dsym";
				ENABLE_NS_ASSERTIONS = NO;
				ENABLE_STRICT_OBJC_MSGSEND = YES;
				GCC_C_LANGUAGE_STANDARD = gnu11;
				GCC_NO_COMMON_BLOCKS = YES;
				GCC_WARN_64_TO_32_BIT_CONVERSION = YES;
				GCC_WARN_ABOUT_RETURN_TYPE = YES_ERROR;
				GCC_WARN_UNDECLARED_SELECTOR = YES;
				GCC_WARN_UNINITIALIZED_AUTOS = YES_AGGRESSIVE;
				GCC_WARN_UNUSED_FUNCTION = YES;
				GCC_WARN_UNUSED_VARIABLE = YES;
				IPHONEOS_DEPLOYMENT_TARGET = 16.2;
				MTL_ENABLE_DEBUG_INFO = NO;
				MTL_FAST_MATH = YES;
				SDKROOT = iphoneos;
				SWIFT_COMPILATION_MODE = wholemodule;
				SWIFT_OPTIMIZATION_LEVEL = "-O";
				VALIDATE_PRODUCT = YES;
			};
			name = Release;
		};
		3B6311872952FF00000D5A35 /* Debug */ = {
			isa = XCBuildConfiguration;
			buildSettings = {
				ASSETCATALOG_COMPILER_APPICON_NAME = AppIcon;
				ASSETCATALOG_COMPILER_GLOBAL_ACCENT_COLOR_NAME = AccentColor;
				CODE_SIGN_STYLE = Automatic;
				CURRENT_PROJECT_VERSION = 1;
				DEVELOPMENT_TEAM = 5MLPCF3DA6;
				GENERATE_INFOPLIST_FILE = YES;
				INFOPLIST_FILE = DoctorHealth/Info.plist;
				INFOPLIST_KEY_UIApplicationSupportsIndirectInputEvents = YES;
				INFOPLIST_KEY_UILaunchStoryboardName = LaunchScreen;
				INFOPLIST_KEY_UIMainStoryboardFile = Main;
				INFOPLIST_KEY_UISupportedInterfaceOrientations_iPad = "UIInterfaceOrientationPortrait UIInterfaceOrientationPortraitUpsideDown UIInterfaceOrientationLandscapeLeft UIInterfaceOrientationLandscapeRight";
				INFOPLIST_KEY_UISupportedInterfaceOrientations_iPhone = "UIInterfaceOrientationPortrait UIInterfaceOrientationLandscapeLeft UIInterfaceOrientationLandscapeRight";
				LD_RUNPATH_SEARCH_PATHS = (
					"$(inherited)",
					"@executable_path/Frameworks",
				);
				MARKETING_VERSION = 1.0;
				PRODUCT_BUNDLE_IDENTIFIER = de.js.DoctorHealth;
				PRODUCT_NAME = "$(TARGET_NAME)";
				SWIFT_EMIT_LOC_STRINGS = YES;
				SWIFT_VERSION = 5.0;
				TARGETED_DEVICE_FAMILY = "1,2";
			};
			name = Debug;
		};
		3B6311882952FF00000D5A35 /* Release */ = {
			isa = XCBuildConfiguration;
			buildSettings = {
				ASSETCATALOG_COMPILER_APPICON_NAME = AppIcon;
				ASSETCATALOG_COMPILER_GLOBAL_ACCENT_COLOR_NAME = AccentColor;
				CODE_SIGN_STYLE = Automatic;
				CURRENT_PROJECT_VERSION = 1;
				DEVELOPMENT_TEAM = 5MLPCF3DA6;
				GENERATE_INFOPLIST_FILE = YES;
				INFOPLIST_FILE = DoctorHealth/Info.plist;
				INFOPLIST_KEY_UIApplicationSupportsIndirectInputEvents = YES;
				INFOPLIST_KEY_UILaunchStoryboardName = LaunchScreen;
				INFOPLIST_KEY_UIMainStoryboardFile = Main;
				INFOPLIST_KEY_UISupportedInterfaceOrientations_iPad = "UIInterfaceOrientationPortrait UIInterfaceOrientationPortraitUpsideDown UIInterfaceOrientationLandscapeLeft UIInterfaceOrientationLandscapeRight";
				INFOPLIST_KEY_UISupportedInterfaceOrientations_iPhone = "UIInterfaceOrientationPortrait UIInterfaceOrientationLandscapeLeft UIInterfaceOrientationLandscapeRight";
				LD_RUNPATH_SEARCH_PATHS = (
					"$(inherited)",
					"@executable_path/Frameworks",
				);
				MARKETING_VERSION = 1.0;
				PRODUCT_BUNDLE_IDENTIFIER = de.js.DoctorHealth;
				PRODUCT_NAME = "$(TARGET_NAME)";
				SWIFT_EMIT_LOC_STRINGS = YES;
				SWIFT_VERSION = 5.0;
				TARGETED_DEVICE_FAMILY = "1,2";
			};
			name = Release;
		};
/* End XCBuildConfiguration section */

/* Begin XCConfigurationList section */
		3B63116A2952FF00000D5A35 /* Build configuration list for PBXProject "DoctorHealth" */ = {
			isa = XCConfigurationList;
			buildConfigurations = (
				3B6311842952FF00000D5A35 /* Debug */,
				3B6311852952FF00000D5A35 /* Release */,
			);
			defaultConfigurationIsVisible = 0;
			defaultConfigurationName = Release;
		};
		3B6311862952FF00000D5A35 /* Build configuration list for PBXNativeTarget "DoctorHealth" */ = {
			isa = XCConfigurationList;
			buildConfigurations = (
				3B6311872952FF00000D5A35 /* Debug */,
				3B6311882952FF00000D5A35 /* Release */,
			);
			defaultConfigurationIsVisible = 0;
			defaultConfigurationName = Release;
		};
/* End XCConfigurationList section */

/* Begin XCVersionGroup section */
		3B63117B2952FF00000D5A35 /* DoctorHealth.xcdatamodeld */ = {
			isa = XCVersionGroup;
			children = (
				3B63117C2952FF00000D5A35 /* DoctorHealth.xcdatamodel */,
			);
			currentVersion = 3B63117C2952FF00000D5A35 /* DoctorHealth.xcdatamodel */;
			path = DoctorHealth.xcdatamodeld;
			sourceTree = "<group>";
			versionGroupType = wrapper.xcdatamodel;
		};
/* End XCVersionGroup section */
	};
	rootObject = 3B6311672952FF00000D5A35 /* Project object */;
}
